
Microsoft Visual Studio Solution File, Format Version 11.00
# Visual Studio 2010
Project("{8BC9CEB8-8B4A-11D0-8D11-00A0C91BC942}") = "GetOSVersion", "GetOSVersion\GetOSVersion.vcxproj", "{AE8A851F-0C57-4D58-B02D-7935EED4C1BF}"
EndProject
Global
	GlobalSection(SolutionConfigurationPlatforms) = preSolution
		Debug|Win32 = Debug|Win32
		Release|Win32 = Release|Win32
	EndGlobalSection
	GlobalSection(ProjectConfigurationPlatforms) = postSolution
		{AE8A851F-0C57-4D58-B02D-7935EED4C1BF}.Debug|Win32.ActiveCfg = Debug|Win32
		{AE8A851F-0C57-4D58-B02D-7935EED4C1BF}.Debug|Win32.Build.0 = Debug|Win32
		{AE8A851F-0C57-4D58-B02D-7935EED4C1BF}.Release|Win32.ActiveCfg = Release|Win32
		{AE8A851F-0C57-4D58-B02D-7935EED4C1BF}.Release|Win32.Build.0 = Release|Win32
	EndGlobalSection
	GlobalSection(SolutionProperties) = preSolution
		HideSolutionNode = FALSE
	EndGlobalSection
EndGlobal
